
Microsoft Visual Studio Solution File, Format Version 12.00
# Visual Studio Version 17
VisualStudioVersion = 17.9.34622.214
MinimumVisualStudioVersion = 10.0.40219.1
Project("{FAE04EC0-301F-11D3-BF4B-00C04F79EFBC}") = "VideoHosting.Api", "VideoHosting.Api\VideoHosting.Api.csproj", "{F7596093-0D2E-4706-A201-D9E8BF4559A8}"
EndProject
Project("{FAE04EC0-301F-11D3-BF4B-00C04F79EFBC}") = "VideoHosting.Data", "VideoHosting.Data\VideoHosting.Data.csproj", "{BAB1BE95-8CCE-4710-AC72-5A183AF8BB0E}"
EndProject
Project("{FAE04EC0-301F-11D3-BF4B-00C04F79EFBC}") = "VideoHosting.Database", "VideoHosting.Database\VideoHosting.Database.csproj", "{5A091BD5-4295-436A-BC8D-1D9B729AE52C}"
EndProject
Project("{FAE04EC0-301F-11D3-BF4B-00C04F79EFBC}") = "VideoHosting.Common", "VideoHosting.Common\VideoHosting.Common.csproj", "{98DBE628-ED0C-4C60-B820-BF7E7D4F2020}"
EndProject
Global
	GlobalSection(SolutionConfigurationPlatforms) = preSolution
		Debug|Any CPU = Debug|Any CPU
		Release|Any CPU = Release|Any CPU
	EndGlobalSection
	GlobalSection(ProjectConfigurationPlatforms) = postSolution
		{F7596093-0D2E-4706-A201-D9E8BF4559A8}.Debug|Any CPU.ActiveCfg = Debug|Any CPU
		{F7596093-0D2E-4706-A201-D9E8BF4559A8}.Debug|Any CPU.Build.0 = Debug|Any CPU
		{F7596093-0D2E-4706-A201-D9E8BF4559A8}.Release|Any CPU.ActiveCfg = Release|Any CPU
		{F7596093-0D2E-4706-A201-D9E8BF4559A8}.Release|Any CPU.Build.0 = Release|Any CPU
		{BAB1BE95-8CCE-4710-AC72-5A183AF8BB0E}.Debug|Any CPU.ActiveCfg = Debug|Any CPU
		{BAB1BE95-8CCE-4710-AC72-5A183AF8BB0E}.Debug|Any CPU.Build.0 = Debug|Any CPU
		{BAB1BE95-8CCE-4710-AC72-5A183AF8BB0E}.Release|Any CPU.ActiveCfg = Release|Any CPU
		{BAB1BE95-8CCE-4710-AC72-5A183AF8BB0E}.Release|Any CPU.Build.0 = Release|Any CPU
		{5A091BD5-4295-436A-BC8D-1D9B729AE52C}.Debug|Any CPU.ActiveCfg = Debug|Any CPU
		{5A091BD5-4295-436A-BC8D-1D9B729AE52C}.Debug|Any CPU.Build.0 = Debug|Any CPU
		{5A091BD5-4295-436A-BC8D-1D9B729AE52C}.Release|Any CPU.ActiveCfg = Release|Any CPU
		{5A091BD5-4295-436A-BC8D-1D9B729AE52C}.Release|Any CPU.Build.0 = Release|Any CPU
		{98DBE628-ED0C-4C60-B820-BF7E7D4F2020}.Debug|Any CPU.ActiveCfg = Debug|Any CPU
		{98DBE628-ED0C-4C60-B820-BF7E7D4F2020}.Debug|Any CPU.Build.0 = Debug|Any CPU
		{98DBE628-ED0C-4C60-B820-BF7E7D4F2020}.Release|Any CPU.ActiveCfg = Release|Any CPU
		{98DBE628-ED0C-4C60-B820-BF7E7D4F2020}.Release|Any CPU.Build.0 = Release|Any CPU
	EndGlobalSection
	GlobalSection(SolutionProperties) = preSolution
		HideSolutionNode = FALSE
	EndGlobalSection
	GlobalSection(ExtensibilityGlobals) = postSolution
		SolutionGuid = {1DD0AC44-1E7C-466D-A38F-7AFC434EC799}
	EndGlobalSection
EndGlobal
